
Microsoft Visual Studio Solution File, Format Version 12.00
# Visual Studio Version 16
VisualStudioVersion = 16.0.34601.136
MinimumVisualStudioVersion = 10.0.40219.1
Project("{FAE04EC0-301F-11D3-BF4B-00C04F79EFBC}") = "Projeto de extenção", "Projeto de extenção\Projeto de extenção.csproj", "{BC29A1B0-A0E5-48FB-AFF2-F3B1CC0256DE}"
EndProject
Global
	GlobalSection(SolutionConfigurationPlatforms) = preSolution
		Debug|Any CPU = Debug|Any CPU
		Release|Any CPU = Release|Any CPU
	EndGlobalSection
	GlobalSection(ProjectConfigurationPlatforms) = postSolution
		{BC29A1B0-A0E5-48FB-AFF2-F3B1CC0256DE}.Debug|Any CPU.ActiveCfg = Debug|Any CPU
		{BC29A1B0-A0E5-48FB-AFF2-F3B1CC0256DE}.Debug|Any CPU.Build.0 = Debug|Any CPU
		{BC29A1B0-A0E5-48FB-AFF2-F3B1CC0256DE}.Release|Any CPU.ActiveCfg = Release|Any CPU
		{BC29A1B0-A0E5-48FB-AFF2-F3B1CC0256DE}.Release|Any CPU.Build.0 = Release|Any CPU
	EndGlobalSection
	GlobalSection(SolutionProperties) = preSolution
		HideSolutionNode = FALSE
	EndGlobalSection
	GlobalSection(ExtensibilityGlobals) = postSolution
		SolutionGuid = {6A4CDDA3-EF59-42F5-AC63-A51AE4A77060}
	EndGlobalSection
EndGlobal
